
Microsoft Visual Studio Solution File, Format Version 12.00
# Visual Studio Version 18
VisualStudioVersion = 18.1.11312.151
MinimumVisualStudioVersion = 10.0.40219.1
Project("{FAE04EC0-301F-11D3-BF4B-00C04F79EFBC}") = "TinyPdf", "src\TinyPdf\TinyPdf.csproj", "{87E9CC9A-9C3E-839A-A39F-8BE6B669B8DA}"
EndProject
Project("{FAE04EC0-301F-11D3-BF4B-00C04F79EFBC}") = "TinyPdf.Tests", "tests\TinyPdf.Tests\TinyPdf.Tests.csproj", "{56C4319A-4C6C-8960-53C3-2871EAABE4E3}"
EndProject
Project("{FAE04EC0-301F-11D3-BF4B-00C04F79EFBC}") = "TinyPdf.Benchmarks", "benchmarks\TinyPdf.Benchmarks\TinyPdf.Benchmarks.csproj", "{1F32447E-FE05-1C93-94EC-C8EB435CC9E7}"
EndProject
Project("{2150E333-8FDC-42A3-9474-1A3956D46DE8}") = "Notes", "Notes", "{3C0CCB4B-2445-4F5B-929D-3B9B5873FA13}"
	ProjectSection(SolutionItems) = preProject
		README.md = README.md
	EndProjectSection
EndProject
Project("{FAE04EC0-301F-11D3-BF4B-00C04F79EFBC}") = "Examples", "examples\Examples\Examples.csproj", "{C35010AB-5BD9-3220-4415-568575B28826}"
EndProject
Project("{FAE04EC0-301F-11D3-BF4B-00C04F79EFBC}") = "PerformanceTests", "benchmarks\PerformanceTests\PerformanceTests.csproj", "{F46AD441-EE3E-0AD1-F247-E9094E5055FE}"
EndProject
Global
	GlobalSection(SolutionConfigurationPlatforms) = preSolution
		Debug|Any CPU = Debug|Any CPU
		Release|Any CPU = Release|Any CPU
	EndGlobalSection
	GlobalSection(ProjectConfigurationPlatforms) = postSolution
		{87E9CC9A-9C3E-839A-A39F-8BE6B669B8DA}.Debug|Any CPU.ActiveCfg = Debug|Any CPU
		{87E9CC9A-9C3E-839A-A39F-8BE6B669B8DA}.Debug|Any CPU.Build.0 = Debug|Any CPU
		{87E9CC9A-9C3E-839A-A39F-8BE6B669B8DA}.Release|Any CPU.ActiveCfg = Release|Any CPU
		{87E9CC9A-9C3E-839A-A39F-8BE6B669B8DA}.Release|Any CPU.Build.0 = Release|Any CPU
		{56C4319A-4C6C-8960-53C3-2871EAABE4E3}.Debug|Any CPU.ActiveCfg = Debug|Any CPU
		{56C4319A-4C6C-8960-53C3-2871EAABE4E3}.Debug|Any CPU.Build.0 = Debug|Any CPU
		{56C4319A-4C6C-8960-53C3-2871EAABE4E3}.Release|Any CPU.ActiveCfg = Release|Any CPU
		{56C4319A-4C6C-8960-53C3-2871EAABE4E3}.Release|Any CPU.Build.0 = Release|Any CPU
		{1F32447E-FE05-1C93-94EC-C8EB435CC9E7}.Debug|Any CPU.ActiveCfg = Debug|Any CPU
		{1F32447E-FE05-1C93-94EC-C8EB435CC9E7}.Debug|Any CPU.Build.0 = Debug|Any CPU
		{1F32447E-FE05-1C93-94EC-C8EB435CC9E7}.Release|Any CPU.ActiveCfg = Release|Any CPU
		{1F32447E-FE05-1C93-94EC-C8EB435CC9E7}.Release|Any CPU.Build.0 = Release|Any CPU
		{C35010AB-5BD9-3220-4415-568575B28826}.Debug|Any CPU.ActiveCfg = Debug|Any CPU
		{C35010AB-5BD9-3220-4415-568575B28826}.Debug|Any CPU.Build.0 = Debug|Any CPU
		{C35010AB-5BD9-3220-4415-568575B28826}.Release|Any CPU.ActiveCfg = Release|Any CPU
		{C35010AB-5BD9-3220-4415-568575B28826}.Release|Any CPU.Build.0 = Release|Any CPU
		{F46AD441-EE3E-0AD1-F247-E9094E5055FE}.Debug|Any CPU.ActiveCfg = Debug|Any CPU
		{F46AD441-EE3E-0AD1-F247-E9094E5055FE}.Debug|Any CPU.Build.0 = Debug|Any CPU
		{F46AD441-EE3E-0AD1-F247-E9094E5055FE}.Release|Any CPU.ActiveCfg = Release|Any CPU
		{F46AD441-EE3E-0AD1-F247-E9094E5055FE}.Release|Any CPU.Build.0 = Release|Any CPU
	EndGlobalSection
	GlobalSection(SolutionProperties) = preSolution
		HideSolutionNode = FALSE
	EndGlobalSection
	GlobalSection(ExtensibilityGlobals) = postSolution
		SolutionGuid = {49493D76-49AD-4675-A8B1-C9D5482A053C}
	EndGlobalSection
EndGlobal
